{
  "requires": true,
  "lockfileVersion": 1,
  "dependencies": {
    "jquery": {
      "version": "3.3.1",
      "resolved": "https://registry.npmjs.org/jquery/-/jquery-3.3.1.tgz",
      "integrity": "sha512-Ubldcmxp5np52/ENotGxlLe6aGMvmF4R8S6tZjsP6Knsaxd/xp3Zrh50cG93lR6nPXyUFwzN3ZSOQI0wRJNdGg=="
    },
    "jquery-toast": {
      "version": "1.0.0",
      "resolved": "https://registry.npmjs.org/jquery-toast/-/jquery-toast-1.0.0.tgz",
      "integrity": "sha512-m5C6CPDvtqDXkp8t+dejSfaxG03rWR3vAGFfXd0CjNP0Rd4mMobeiO9ulnwCgJG4oeWzzEnR5RzhXHXWg8CLvg==",
      "requires": {
        "jquery": ">=1.5"
      }
    }
  }
}
